
Microsoft Visual Studio Solution File, Format Version 12.00
# Visual Studio 15
VisualStudioVersion = 15.0.26730.15
MinimumVisualStudioVersion = 10.0.40219.1
Project("{FAE04EC0-301F-11D3-BF4B-00C04F79EFBC}") = "Vidly", "Vidly\Vidly.csproj", "{DAAFC726-9DBD-48F5-A898-CFB3D0C5256A}"
EndProject
Global
	GlobalSection(SolutionConfigurationPlatforms) = preSolution
		Debug|Any CPU = Debug|Any CPU
		Release|Any CPU = Release|Any CPU
	EndGlobalSection
	GlobalSection(ProjectConfigurationPlatforms) = postSolution
		{DAAFC726-9DBD-48F5-A898-CFB3D0C5256A}.Debug|Any CPU.ActiveCfg = Debug|Any CPU
		{DAAFC726-9DBD-48F5-A898-CFB3D0C5256A}.Debug|Any CPU.Build.0 = Debug|Any CPU
		{DAAFC726-9DBD-48F5-A898-CFB3D0C5256A}.Release|Any CPU.ActiveCfg = Release|Any CPU
		{DAAFC726-9DBD-48F5-A898-CFB3D0C5256A}.Release|Any CPU.Build.0 = Release|Any CPU
	EndGlobalSection
	GlobalSection(SolutionProperties) = preSolution
		HideSolutionNode = FALSE
	EndGlobalSection
	GlobalSection(ExtensibilityGlobals) = postSolution
		SolutionGuid = {E63D0CCC-C001-49DC-BF5D-A622973E3202}
	EndGlobalSection
EndGlobal
